// !$*UTF8*$!
{
	archiveVersion = 1;
	classes = {
	};
	objectVersion = 56;
	objects = {

/* Begin PBXBuildFile section */
		C3D4CD6D2BDC456A0028ECB0 /* soraApp.swift in Sources */ = {isa = PBXBuildFile; fileRef = C3D4CD6C2BDC456A0028ECB0 /* soraApp.swift */; };
		C3D4CD6F2BDC456A0028ECB0 /* ContentView.swift in Sources */ = {isa = PBXBuildFile; fileRef = C3D4CD6E2BDC456A0028ECB0 /* ContentView.swift */; };
		C3D4CD712BDC456D0028ECB0 /* Assets.xcassets in Resources */ = {isa = PBXBuildFile; fileRef = C3D4CD702BDC456D0028ECB0 /* Assets.xcassets */; };
		C3D4CD752BDC456D0028ECB0 /* Preview Assets.xcassets in Resources */ = {isa = PBXBuildFile; fileRef = C3D4CD742BDC456D0028ECB0 /* Preview Assets.xcassets */; };
		C3D4CD7F2BDC456E0028ECB0 /* soraTests.swift in Sources */ = {isa = PBXBuildFile; fileRef = C3D4CD7E2BDC456E0028ECB0 /* soraTests.swift */; };
		C3D4CD892BDC456E0028ECB0 /* soraUITests.swift in Sources */ = {isa = PBXBuildFile; fileRef = C3D4CD882BDC456E0028ECB0 /* soraUITests.swift */; };
		C3D4CD8B2BDC456E0028ECB0 /* soraUITestsLaunchTests.swift in Sources */ = {isa = PBXBuildFile; fileRef = C3D4CD8A2BDC456E0028ECB0 /* soraUITestsLaunchTests.swift */; };
/* End PBXBuildFile section */

/* Begin PBXContainerItemProxy section */
		C3D4CD7B2BDC456E0028ECB0 /* PBXContainerItemProxy */ = {
			isa = PBXContainerItemProxy;
			containerPortal = C3D4CD612BDC456A0028ECB0 /* Project object */;
			proxyType = 1;
			remoteGlobalIDString = C3D4CD682BDC456A0028ECB0;
			remoteInfo = sora;
		};
		C3D4CD852BDC456E0028ECB0 /* PBXContainerItemProxy */ = {
			isa = PBXContainerItemProxy;
			containerPortal = C3D4CD612BDC456A0028ECB0 /* Project object */;
			proxyType = 1;
			remoteGlobalIDString = C3D4CD682BDC456A0028ECB0;
			remoteInfo = sora;
		};
/* End PBXContainerItemProxy section */

/* Begin PBXFileReference section */
		C3D4CD692BDC456A0028ECB0 /* sora.app */ = {isa = PBXFileReference; explicitFileType = wrapper.application; includeInIndex = 0; path = sora.app; sourceTree = BUILT_PRODUCTS_DIR; };
		C3D4CD6C2BDC456A0028ECB0 /* soraApp.swift */ = {isa = PBXFileReference; lastKnownFileType = sourcecode.swift; path = soraApp.swift; sourceTree = "<group>"; };
		C3D4CD6E2BDC456A0028ECB0 /* ContentView.swift */ = {isa = PBXFileReference; lastKnownFileType = sourcecode.swift; path = ContentView.swift; sourceTree = "<group>"; };
		C3D4CD702BDC456D0028ECB0 /* Assets.xcassets */ = {isa = PBXFileReference; lastKnownFileType = folder.assetcatalog; path = Assets.xcassets; sourceTree = "<group>"; };
		C3D4CD722BDC456D0028ECB0 /* sora.entitlements */ = {isa = PBXFileReference; lastKnownFileType = text.plist.entitlements; path = sora.entitlements; sourceTree = "<group>"; };
		C3D4CD742BDC456D0028ECB0 /* Preview Assets.xcassets */ = {isa = PBXFileReference; lastKnownFileType = folder.assetcatalog; path = "Preview Assets.xcassets"; sourceTree = "<group>"; };
		C3D4CD7A2BDC456E0028ECB0 /* soraTests.xctest */ = {isa = PBXFileReference; explicitFileType = wrapper.cfbundle; includeInIndex = 0; path = soraTests.xctest; sourceTree = BUILT_PRODUCTS_DIR; };
		C3D4CD7E2BDC456E0028ECB0 /* soraTests.swift */ = {isa = PBXFileReference; lastKnownFileType = sourcecode.swift; path = soraTests.swift; sourceTree = "<group>"; };
		C3D4CD842BDC456E0028ECB0 /* soraUITests.xctest */ = {isa = PBXFileReference; explicitFileType = wrapper.cfbundle; includeInIndex = 0; path = soraUITests.xctest; sourceTree = BUILT_PRODUCTS_DIR; };
		C3D4CD882BDC456E0028ECB0 /* soraUITests.swift */ = {isa = PBXFileReference; lastKnownFileType = sourcecode.swift; path = soraUITests.swift; sourceTree = "<group>"; };
		C3D4CD8A2BDC456E0028ECB0 /* soraUITestsLaunchTests.swift */ = {isa = PBXFileReference; lastKnownFileType = sourcecode.swift; path = soraUITestsLaunchTests.swift; sourceTree = "<group>"; };
/* End PBXFileReference section */

/* Begin PBXFrameworksBuildPhase section */
		C3D4CD662BDC456A0028ECB0 /* Frameworks */ = {
			isa = PBXFrameworksBuildPhase;
			buildActionMask = 2147483647;
			files = (
			);
			runOnlyForDeploymentPostprocessing = 0;
		};
		C3D4CD772BDC456E0028ECB0 /* Frameworks */ = {
			isa = PBXFrameworksBuildPhase;
			buildActionMask = 2147483647;
			files = (
			);
			runOnlyForDeploymentPostprocessing = 0;
		};
		C3D4CD812BDC456E0028ECB0 /* Frameworks */ = {
			isa = PBXFrameworksBuildPhase;
			buildActionMask = 2147483647;
			files = (
			);
			runOnlyForDeploymentPostprocessing = 0;
		};
/* End PBXFrameworksBuildPhase section */

/* Begin PBXGroup section */
		C3D4CD602BDC456A0028ECB0 = {
			isa = PBXGroup;
			children = (
				C3D4CD6B2BDC456A0028ECB0 /* sora */,
				C3D4CD7D2BDC456E0028ECB0 /* soraTests */,
				C3D4CD872BDC456E0028ECB0 /* soraUITests */,
				C3D4CD6A2BDC456A0028ECB0 /* Products */,
			);
			sourceTree = "<group>";
		};
		C3D4CD6A2BDC456A0028ECB0 /* Products */ = {
			isa = PBXGroup;
			children = (
				C3D4CD692BDC456A0028ECB0 /* sora.app */,
				C3D4CD7A2BDC456E0028ECB0 /* soraTests.xctest */,
				C3D4CD842BDC456E0028ECB0 /* soraUITests.xctest */,
			);
			name = Products;
			sourceTree = "<group>";
		};
		C3D4CD6B2BDC456A0028ECB0 /* sora */ = {
			isa = PBXGroup;
			children = (
				C3D4CD6C2BDC456A0028ECB0 /* soraApp.swift */,
				C3D4CD6E2BDC456A0028ECB0 /* ContentView.swift */,
				C3D4CD702BDC456D0028ECB0 /* Assets.xcassets */,
				C3D4CD722BDC456D0028ECB0 /* sora.entitlements */,
				C3D4CD732BDC456D0028ECB0 /* Preview Content */,
			);
			path = sora;
			sourceTree = "<group>";
		};
		C3D4CD732BDC456D0028ECB0 /* Preview Content */ = {
			isa = PBXGroup;
			children = (
				C3D4CD742BDC456D0028ECB0 /* Preview Assets.xcassets */,
			);
			path = "Preview Content";
			sourceTree = "<group>";
		};
		C3D4CD7D2BDC456E0028ECB0 /* soraTests */ = {
			isa = PBXGroup;
			children = (
				C3D4CD7E2BDC456E0028ECB0 /* soraTests.swift */,
			);
			path = soraTests;
			sourceTree = "<group>";
		};
		C3D4CD872BDC456E0028ECB0 /* soraUITests */ = {
			isa = PBXGroup;
			children = (
				C3D4CD882BDC456E0028ECB0 /* soraUITests.swift */,
				C3D4CD8A2BDC456E0028ECB0 /* soraUITestsLaunchTests.swift */,
			);
			path = soraUITests;
			sourceTree = "<group>";
		};
/* End PBXGroup section */

/* Begin PBXNativeTarget section */
		C3D4CD682BDC456A0028ECB0 /* sora */ = {
			isa = PBXNativeTarget;
			buildConfigurationList = C3D4CD8E2BDC456E0028ECB0 /* Build configuration list for PBXNativeTarget "sora" */;
			buildPhases = (
				C3D4CD652BDC456A0028ECB0 /* Sources */,
				C3D4CD662BDC456A0028ECB0 /* Frameworks */,
				C3D4CD672BDC456A0028ECB0 /* Resources */,
			);
			buildRules = (
			);
			dependencies = (
			);
			name = sora;
			productName = sora;
			productReference = C3D4CD692BDC456A0028ECB0 /* sora.app */;
			productType = "com.apple.product-type.application";
		};
		C3D4CD792BDC456E0028ECB0 /* soraTests */ = {
			isa = PBXNativeTarget;
			buildConfigurationList = C3D4CD912BDC456E0028ECB0 /* Build configuration list for PBXNativeTarget "soraTests" */;
			buildPhases = (
				C3D4CD762BDC456E0028ECB0 /* Sources */,
				C3D4CD772BDC456E0028ECB0 /* Frameworks */,
				C3D4CD782BDC456E0028ECB0 /* Resources */,
			);
			buildRules = (
			);
			dependencies = (
				C3D4CD7C2BDC456E0028ECB0 /* PBXTargetDependency */,
			);
			name = soraTests;
			productName = soraTests;
			productReference = C3D4CD7A2BDC456E0028ECB0 /* soraTests.xctest */;
			productType = "com.apple.product-type.bundle.unit-test";
		};
		C3D4CD832BDC456E0028ECB0 /* soraUITests */ = {
			isa = PBXNativeTarget;
			buildConfigurationList = C3D4CD942BDC456E0028ECB0 /* Build configuration list for PBXNativeTarget "soraUITests" */;
			buildPhases = (
				C3D4CD802BDC456E0028ECB0 /* Sources */,
				C3D4CD812BDC456E0028ECB0 /* Frameworks */,
				C3D4CD822BDC456E0028ECB0 /* Resources */,
			);
			buildRules = (
			);
			dependencies = (
				C3D4CD862BDC456E0028ECB0 /* PBXTargetDependency */,
			);
			name = soraUITests;
			productName = soraUITests;
			productReference = C3D4CD842BDC456E0028ECB0 /* soraUITests.xctest */;
			productType = "com.apple.product-type.bundle.ui-testing";
		};
/* End PBXNativeTarget section */

/* Begin PBXProject section */
		C3D4CD612BDC456A0028ECB0 /* Project object */ = {
			isa = PBXProject;
			attributes = {
				BuildIndependentTargetsInParallel = 1;
				LastSwiftUpdateCheck = 1530;
				LastUpgradeCheck = 1530;
				TargetAttributes = {
					C3D4CD682BDC456A0028ECB0 = {
						CreatedOnToolsVersion = 15.3;
					};
					C3D4CD792BDC456E0028ECB0 = {
						CreatedOnToolsVersion = 15.3;
						TestTargetID = C3D4CD682BDC456A0028ECB0;
					};
					C3D4CD832BDC456E0028ECB0 = {
						CreatedOnToolsVersion = 15.3;
						TestTargetID = C3D4CD682BDC456A0028ECB0;
					};
				};
			};
			buildConfigurationList = C3D4CD642BDC456A0028ECB0 /* Build configuration list for PBXProject "sora" */;
			compatibilityVersion = "Xcode 14.0";
			developmentRegion = en;
			hasScannedForEncodings = 0;
			knownRegions = (
				en,
				Base,
			);
			mainGroup = C3D4CD602BDC456A0028ECB0;
			productRefGroup = C3D4CD6A2BDC456A0028ECB0 /* Products */;
			projectDirPath = "";
			projectRoot = "";
			targets = (
				C3D4CD682BDC456A0028ECB0 /* sora */,
				C3D4CD792BDC456E0028ECB0 /* soraTests */,
				C3D4CD832BDC456E0028ECB0 /* soraUITests */,
			);
		};
/* End PBXProject section */

/* Begin PBXResourcesBuildPhase section */
		C3D4CD672BDC456A0028ECB0 /* Resources */ = {
			isa = PBXResourcesBuildPhase;
			buildActionMask = 2147483647;
			files = (
				C3D4CD752BDC456D0028ECB0 /* Preview Assets.xcassets in Resources */,
				C3D4CD712BDC456D0028ECB0 /* Assets.xcassets in Resources */,
			);
			runOnlyForDeploymentPostprocessing = 0;
		};
		C3D4CD782BDC456E0028ECB0 /* Resources */ = {
			isa = PBXResourcesBuildPhase;
			buildActionMask = 2147483647;
			files = (
			);
			runOnlyForDeploymentPostprocessing = 0;
		};
		C3D4CD822BDC456E0028ECB0 /* Resources */ = {
			isa = PBXResourcesBuildPhase;
			buildActionMask = 2147483647;
			files = (
			);
			runOnlyForDeploymentPostprocessing = 0;
		};
/* End PBXResourcesBuildPhase section */

/* Begin PBXSourcesBuildPhase section */
		C3D4CD652BDC456A0028ECB0 /* Sources */ = {
			isa = PBXSourcesBuildPhase;
			buildActionMask = 2147483647;
			files = (
				C3D4CD6F2BDC456A0028ECB0 /* ContentView.swift in Sources */,
				C3D4CD6D2BDC456A0028ECB0 /* soraApp.swift in Sources */,
			);
			runOnlyForDeploymentPostprocessing = 0;
		};
		C3D4CD762BDC456E0028ECB0 /* Sources */ = {
			isa = PBXSourcesBuildPhase;
			buildActionMask = 2147483647;
			files = (
				C3D4CD7F2BDC456E0028ECB0 /* soraTests.swift in Sources */,
			);
			runOnlyForDeploymentPostprocessing = 0;
		};
		C3D4CD802BDC456E0028ECB0 /* Sources */ = {
			isa = PBXSourcesBuildPhase;
			buildActionMask = 2147483647;
			files = (
				C3D4CD892BDC456E0028ECB0 /* soraUITests.swift in Sources */,
				C3D4CD8B2BDC456E0028ECB0 /* soraUITestsLaunchTests.swift in Sources */,
			);
			runOnlyForDeploymentPostprocessing = 0;
		};
/* End PBXSourcesBuildPhase section */

/* Begin PBXTargetDependency section */
		C3D4CD7C2BDC456E0028ECB0 /* PBXTargetDependency */ = {
			isa = PBXTargetDependency;
			target = C3D4CD682BDC456A0028ECB0 /* sora */;
			targetProxy = C3D4CD7B2BDC456E0028ECB0 /* PBXContainerItemProxy */;
		};
		C3D4CD862BDC456E0028ECB0 /* PBXTargetDependency */ = {
			isa = PBXTargetDependency;
			target = C3D4CD682BDC456A0028ECB0 /* sora */;
			targetProxy = C3D4CD852BDC456E0028ECB0 /* PBXContainerItemProxy */;
		};
/* End PBXTargetDependency section */

/* Begin XCBuildConfiguration section */
		C3D4CD8C2BDC456E0028ECB0 /* Debug */ = {
			isa = XCBuildConfiguration;
			buildSettings = {
				ALWAYS_SEARCH_USER_PATHS = NO;
				ASSETCATALOG_COMPILER_GENERATE_SWIFT_ASSET_SYMBOL_EXTENSIONS = YES;
				CLANG_ANALYZER_NONNULL = YES;
				CLANG_ANALYZER_NUMBER_OBJECT_CONVERSION = YES_AGGRESSIVE;
				CLANG_CXX_LANGUAGE_STANDARD = "gnu++20";
				CLANG_ENABLE_MODULES = YES;
				CLANG_ENABLE_OBJC_ARC = YES;
				CLANG_ENABLE_OBJC_WEAK = YES;
				CLANG_WARN_BLOCK_CAPTURE_AUTORELEASING = YES;
				CLANG_WARN_BOOL_CONVERSION = YES;
				CLANG_WARN_COMMA = YES;
				CLANG_WARN_CONSTANT_CONVERSION = YES;
				CLANG_WARN_DEPRECATED_OBJC_IMPLEMENTATIONS = YES;
				CLANG_WARN_DIRECT_OBJC_ISA_USAGE = YES_ERROR;
				CLANG_WARN_DOCUMENTATION_COMMENTS = YES;
				CLANG_WARN_EMPTY_BODY = YES;
				CLANG_WARN_ENUM_CONVERSION = YES;
				CLANG_WARN_INFINITE_RECURSION = YES;
				CLANG_WARN_INT_CONVERSION = YES;
				CLANG_WARN_NON_LITERAL_NULL_CONVERSION = YES;
				CLANG_WARN_OBJC_IMPLICIT_RETAIN_SELF = YES;
				CLANG_WARN_OBJC_LITERAL_CONVERSION = YES;
				CLANG_WARN_OBJC_ROOT_CLASS = YES_ERROR;
				CLANG_WARN_QUOTED_INCLUDE_IN_FRAMEWORK_HEADER = YES;
				CLANG_WARN_RANGE_LOOP_ANALYSIS = YES;
				CLANG_WARN_STRICT_PROTOTYPES = YES;
				CLANG_WARN_SUSPICIOUS_MOVE = YES;
				CLANG_WARN_UNGUARDED_AVAILABILITY = YES_AGGRESSIVE;
				CLANG_WARN_UNREACHABLE_CODE = YES;
				CLANG_WARN__DUPLICATE_METHOD_MATCH = YES;
				COPY_PHASE_STRIP = NO;
				DEBUG_INFORMATION_FORMAT = dwarf;
				ENABLE_STRICT_OBJC_MSGSEND = YES;
				ENABLE_TESTABILITY = YES;
				ENABLE_USER_SCRIPT_SANDBOXING = YES;
				GCC_C_LANGUAGE_STANDARD = gnu17;
				GCC_DYNAMIC_NO_PIC = NO;
				GCC_NO_COMMON_BLOCKS = YES;
				GCC_OPTIMIZATION_LEVEL = 0;
				GCC_PREPROCESSOR_DEFINITIONS = (
					"DEBUG=1",
					"$(inherited)",
				);
				GCC_WARN_64_TO_32_BIT_CONVERSION = YES;
				GCC_WARN_ABOUT_RETURN_TYPE = YES_ERROR;
				GCC_WARN_UNDECLARED_SELECTOR = YES;
				GCC_WARN_UNINITIALIZED_AUTOS = YES_AGGRESSIVE;
				GCC_WARN_UNUSED_FUNCTION = YES;
				GCC_WARN_UNUSED_VARIABLE = YES;
				LOCALIZATION_PREFERS_STRING_CATALOGS = YES;
				MTL_ENABLE_DEBUG_INFO = INCLUDE_SOURCE;
				MTL_FAST_MATH = YES;
				ONLY_ACTIVE_ARCH = YES;
				SWIFT_ACTIVE_COMPILATION_CONDITIONS = "DEBUG $(inherited)";
				SWIFT_OPTIMIZATION_LEVEL = "-Onone";
			};
			name = Debug;
		};
		C3D4CD8D2BDC456E0028ECB0 /* Release */ = {
			isa = XCBuildConfiguration;
			buildSettings = {
				ALWAYS_SEARCH_USER_PATHS = NO;
				ASSETCATALOG_COMPILER_GENERATE_SWIFT_ASSET_SYMBOL_EXTENSIONS = YES;
				CLANG_ANALYZER_NONNULL = YES;
				CLANG_ANALYZER_NUMBER_OBJECT_CONVERSION = YES_AGGRESSIVE;
				CLANG_CXX_LANGUAGE_STANDARD = "gnu++20";
				CLANG_ENABLE_MODULES = YES;
				CLANG_ENABLE_OBJC_ARC = YES;
				CLANG_ENABLE_OBJC_WEAK = YES;
				CLANG_WARN_BLOCK_CAPTURE_AUTORELEASING = YES;
				CLANG_WARN_BOOL_CONVERSION = YES;
				CLANG_WARN_COMMA = YES;
				CLANG_WARN_CONSTANT_CONVERSION = YES;
				CLANG_WARN_DEPRECATED_OBJC_IMPLEMENTATIONS = YES;
				CLANG_WARN_DIRECT_OBJC_ISA_USAGE = YES_ERROR;
				CLANG_WARN_DOCUMENTATION_COMMENTS = YES;
				CLANG_WARN_EMPTY_BODY = YES;
				CLANG_WARN_ENUM_CONVERSION = YES;
				CLANG_WARN_INFINITE_RECURSION = YES;
				CLANG_WARN_INT_CONVERSION = YES;
				CLANG_WARN_NON_LITERAL_NULL_CONVERSION = YES;
				CLANG_WARN_OBJC_IMPLICIT_RETAIN_SELF = YES;
				CLANG_WARN_OBJC_LITERAL_CONVERSION = YES;
				CLANG_WARN_OBJC_ROOT_CLASS = YES_ERROR;
				CLANG_WARN_QUOTED_INCLUDE_IN_FRAMEWORK_HEADER = YES;
				CLANG_WARN_RANGE_LOOP_ANALYSIS = YES;
				CLANG_WARN_STRICT_PROTOTYPES = YES;
				CLANG_WARN_SUSPICIOUS_MOVE = YES;
				CLANG_WARN_UNGUARDED_AVAILABILITY = YES_AGGRESSIVE;
				CLANG_WARN_UNREACHABLE_CODE = YES;
				CLANG_WARN__DUPLICATE_METHOD_MATCH = YES;
				COPY_PHASE_STRIP = NO;
				DEBUG_INFORMATION_FORMAT = "dwarf-with-dsym";
				ENABLE_NS_ASSERTIONS = NO;
				ENABLE_STRICT_OBJC_MSGSEND = YES;
				ENABLE_USER_SCRIPT_SANDBOXING = YES;
				GCC_C_LANGUAGE_STANDARD = gnu17;
				GCC_NO_COMMON_BLOCKS = YES;
				GCC_WARN_64_TO_32_BIT_CONVERSION = YES;
				GCC_WARN_ABOUT_RETURN_TYPE = YES_ERROR;
				GCC_WARN_UNDECLARED_SELECTOR = YES;
				GCC_WARN_UNINITIALIZED_AUTOS = YES_AGGRESSIVE;
				GCC_WARN_UNUSED_FUNCTION = YES;
				GCC_WARN_UNUSED_VARIABLE = YES;
				LOCALIZATION_PREFERS_STRING_CATALOGS = YES;
				MTL_ENABLE_DEBUG_INFO = NO;
				MTL_FAST_MATH = YES;
				SWIFT_COMPILATION_MODE = wholemodule;
			};
			name = Release;
		};
		C3D4CD8F2BDC456E0028ECB0 /* Debug */ = {
			isa = XCBuildConfiguration;
			buildSettings = {
				ASSETCATALOG_COMPILER_APPICON_NAME = AppIcon;
				ASSETCATALOG_COMPILER_GLOBAL_ACCENT_COLOR_NAME = AccentColor;
				CODE_SIGN_ENTITLEMENTS = sora/sora.entitlements;
				CODE_SIGN_STYLE = Automatic;
				CURRENT_PROJECT_VERSION = 1;
				DEVELOPMENT_ASSET_PATHS = "\"sora/Preview Content\"";
				DEVELOPMENT_TEAM = L39W8AVXGN;
				ENABLE_HARDENED_RUNTIME = YES;
				ENABLE_PREVIEWS = YES;
				GENERATE_INFOPLIST_FILE = YES;
				"INFOPLIST_KEY_UIApplicationSceneManifest_Generation[sdk=iphoneos*]" = YES;
				"INFOPLIST_KEY_UIApplicationSceneManifest_Generation[sdk=iphonesimulator*]" = YES;
				"INFOPLIST_KEY_UIApplicationSupportsIndirectInputEvents[sdk=iphoneos*]" = YES;
				"INFOPLIST_KEY_UIApplicationSupportsIndirectInputEvents[sdk=iphonesimulator*]" = YES;
				"INFOPLIST_KEY_UILaunchScreen_Generation[sdk=iphoneos*]" = YES;
				"INFOPLIST_KEY_UILaunchScreen_Generation[sdk=iphonesimulator*]" = YES;
				"INFOPLIST_KEY_UIStatusBarStyle[sdk=iphoneos*]" = UIStatusBarStyleDefault;
				"INFOPLIST_KEY_UIStatusBarStyle[sdk=iphonesimulator*]" = UIStatusBarStyleDefault;
				INFOPLIST_KEY_UISupportedInterfaceOrientations_iPad = "UIInterfaceOrientationPortrait UIInterfaceOrientationPortraitUpsideDown UIInterfaceOrientationLandscapeLeft UIInterfaceOrientationLandscapeRight";
				INFOPLIST_KEY_UISupportedInterfaceOrientations_iPhone = "UIInterfaceOrientationPortrait UIInterfaceOrientationLandscapeLeft UIInterfaceOrientationLandscapeRight";
				IPHONEOS_DEPLOYMENT_TARGET = 17.4;
				LD_RUNPATH_SEARCH_PATHS = "@executable_path/Frameworks";
				"LD_RUNPATH_SEARCH_PATHS[sdk=macosx*]" = "@executable_path/../Frameworks";
				MACOSX_DEPLOYMENT_TARGET = 14.4;
				MARKETING_VERSION = 1.0;
				PRODUCT_BUNDLE_IDENTIFIER = ai.sora;
				PRODUCT_NAME = "$(TARGET_NAME)";
				SDKROOT = auto;
				SUPPORTED_PLATFORMS = "iphoneos iphonesimulator macosx";
				SWIFT_EMIT_LOC_STRINGS = YES;
				SWIFT_VERSION = 5.0;
				TARGETED_DEVICE_FAMILY = "1,2";
			};
			name = Debug;
		};
		C3D4CD902BDC456E0028ECB0 /* Release */ = {
			isa = XCBuildConfiguration;
			buildSettings = {
				ASSETCATALOG_COMPILER_APPICON_NAME = AppIcon;
				ASSETCATALOG_COMPILER_GLOBAL_ACCENT_COLOR_NAME = AccentColor;
				CODE_SIGN_ENTITLEMENTS = sora/sora.entitlements;
				CODE_SIGN_STYLE = Automatic;
				CURRENT_PROJECT_VERSION = 1;
				DEVELOPMENT_ASSET_PATHS = "\"sora/Preview Content\"";
				DEVELOPMENT_TEAM = L39W8AVXGN;
				ENABLE_HARDENED_RUNTIME = YES;
				ENABLE_PREVIEWS = YES;
				GENERATE_INFOPLIST_FILE = YES;
				"INFOPLIST_KEY_UIApplicationSceneManifest_Generation[sdk=iphoneos*]" = YES;
				"INFOPLIST_KEY_UIApplicationSceneManifest_Generation[sdk=iphonesimulator*]" = YES;
				"INFOPLIST_KEY_UIApplicationSupportsIndirectInputEvents[sdk=iphoneos*]" = YES;
				"INFOPLIST_KEY_UIApplicationSupportsIndirectInputEvents[sdk=iphonesimulator*]" = YES;
				"INFOPLIST_KEY_UILaunchScreen_Generation[sdk=iphoneos*]" = YES;
				"INFOPLIST_KEY_UILaunchScreen_Generation[sdk=iphonesimulator*]" = YES;
				"INFOPLIST_KEY_UIStatusBarStyle[sdk=iphoneos*]" = UIStatusBarStyleDefault;
				"INFOPLIST_KEY_UIStatusBarStyle[sdk=iphonesimulator*]" = UIStatusBarStyleDefault;
				INFOPLIST_KEY_UISupportedInterfaceOrientations_iPad = "UIInterfaceOrientationPortrait UIInterfaceOrientationPortraitUpsideDown UIInterfaceOrientationLandscapeLeft UIInterfaceOrientationLandscapeRight";
				INFOPLIST_KEY_UISupportedInterfaceOrientations_iPhone = "UIInterfaceOrientationPortrait UIInterfaceOrientationLandscapeLeft UIInterfaceOrientationLandscapeRight";
				IPHONEOS_DEPLOYMENT_TARGET = 17.4;
				LD_RUNPATH_SEARCH_PATHS = "@executable_path/Frameworks";
				"LD_RUNPATH_SEARCH_PATHS[sdk=macosx*]" = "@executable_path/../Frameworks";
				MACOSX_DEPLOYMENT_TARGET = 14.4;
				MARKETING_VERSION = 1.0;
				PRODUCT_BUNDLE_IDENTIFIER = ai.sora;
				PRODUCT_NAME = "$(TARGET_NAME)";
				SDKROOT = auto;
				SUPPORTED_PLATFORMS = "iphoneos iphonesimulator macosx";
				SWIFT_EMIT_LOC_STRINGS = YES;
				SWIFT_VERSION = 5.0;
				TARGETED_DEVICE_FAMILY = "1,2";
			};
			name = Release;
		};
		C3D4CD922BDC456E0028ECB0 /* Debug */ = {
			isa = XCBuildConfiguration;
			buildSettings = {
				ALWAYS_EMBED_SWIFT_STANDARD_LIBRARIES = YES;
				BUNDLE_LOADER = "$(TEST_HOST)";
				CODE_SIGN_STYLE = Automatic;
				CURRENT_PROJECT_VERSION = 1;
				DEVELOPMENT_TEAM = L39W8AVXGN;
				GENERATE_INFOPLIST_FILE = YES;
				IPHONEOS_DEPLOYMENT_TARGET = 17.4;
				MACOSX_DEPLOYMENT_TARGET = 14.4;
				MARKETING_VERSION = 1.0;
				PRODUCT_BUNDLE_IDENTIFIER = ai.soraTests;
				PRODUCT_NAME = "$(TARGET_NAME)";
				SDKROOT = auto;
				SUPPORTED_PLATFORMS = "iphoneos iphonesimulator macosx";
				SWIFT_EMIT_LOC_STRINGS = NO;
				SWIFT_VERSION = 5.0;
				TARGETED_DEVICE_FAMILY = "1,2";
				TEST_HOST = "$(BUILT_PRODUCTS_DIR)/sora.app/$(BUNDLE_EXECUTABLE_FOLDER_PATH)/sora";
			};
			name = Debug;
		};
		C3D4CD932BDC456E0028ECB0 /* Release */ = {
			isa = XCBuildConfiguration;
			buildSettings = {
				ALWAYS_EMBED_SWIFT_STANDARD_LIBRARIES = YES;
				BUNDLE_LOADER = "$(TEST_HOST)";
				CODE_SIGN_STYLE = Automatic;
				CURRENT_PROJECT_VERSION = 1;
				DEVELOPMENT_TEAM = L39W8AVXGN;
				GENERATE_INFOPLIST_FILE = YES;
				IPHONEOS_DEPLOYMENT_TARGET = 17.4;
				MACOSX_DEPLOYMENT_TARGET = 14.4;
				MARKETING_VERSION = 1.0;
				PRODUCT_BUNDLE_IDENTIFIER = ai.soraTests;
				PRODUCT_NAME = "$(TARGET_NAME)";
				SDKROOT = auto;
				SUPPORTED_PLATFORMS = "iphoneos iphonesimulator macosx";
				SWIFT_EMIT_LOC_STRINGS = NO;
				SWIFT_VERSION = 5.0;
				TARGETED_DEVICE_FAMILY = "1,2";
				TEST_HOST = "$(BUILT_PRODUCTS_DIR)/sora.app/$(BUNDLE_EXECUTABLE_FOLDER_PATH)/sora";
			};
			name = Release;
		};
		C3D4CD952BDC456E0028ECB0 /* Debug */ = {
			isa = XCBuildConfiguration;
			buildSettings = {
				ALWAYS_EMBED_SWIFT_STANDARD_LIBRARIES = YES;
				CODE_SIGN_STYLE = Automatic;
				CURRENT_PROJECT_VERSION = 1;
				DEVELOPMENT_TEAM = L39W8AVXGN;
				GENERATE_INFOPLIST_FILE = YES;
				IPHONEOS_DEPLOYMENT_TARGET = 17.4;
				MACOSX_DEPLOYMENT_TARGET = 14.4;
				MARKETING_VERSION = 1.0;
				PRODUCT_BUNDLE_IDENTIFIER = ai.soraUITests;
				PRODUCT_NAME = "$(TARGET_NAME)";
				SDKROOT = auto;
				SUPPORTED_PLATFORMS = "iphoneos iphonesimulator macosx";
				SWIFT_EMIT_LOC_STRINGS = NO;
				SWIFT_VERSION = 5.0;
				TARGETED_DEVICE_FAMILY = "1,2";
				TEST_TARGET_NAME = sora;
			};
			name = Debug;
		};
		C3D4CD962BDC456E0028ECB0 /* Release */ = {
			isa = XCBuildConfiguration;
			buildSettings = {
				ALWAYS_EMBED_SWIFT_STANDARD_LIBRARIES = YES;
				CODE_SIGN_STYLE = Automatic;
				CURRENT_PROJECT_VERSION = 1;
				DEVELOPMENT_TEAM = L39W8AVXGN;
				GENERATE_INFOPLIST_FILE = YES;
				IPHONEOS_DEPLOYMENT_TARGET = 17.4;
				MACOSX_DEPLOYMENT_TARGET = 14.4;
				MARKETING_VERSION = 1.0;
				PRODUCT_BUNDLE_IDENTIFIER = ai.soraUITests;
				PRODUCT_NAME = "$(TARGET_NAME)";
				SDKROOT = auto;
				SUPPORTED_PLATFORMS = "iphoneos iphonesimulator macosx";
				SWIFT_EMIT_LOC_STRINGS = NO;
				SWIFT_VERSION = 5.0;
				TARGETED_DEVICE_FAMILY = "1,2";
				TEST_TARGET_NAME = sora;
			};
			name = Release;
		};
/* End XCBuildConfiguration section */

/* Begin XCConfigurationList section */
		C3D4CD642BDC456A0028ECB0 /* Build configuration list for PBXProject "sora" */ = {
			isa = XCConfigurationList;
			buildConfigurations = (
				C3D4CD8C2BDC456E0028ECB0 /* Debug */,
				C3D4CD8D2BDC456E0028ECB0 /* Release */,
			);
			defaultConfigurationIsVisible = 0;
			defaultConfigurationName = Release;
		};
		C3D4CD8E2BDC456E0028ECB0 /* Build configuration list for PBXNativeTarget "sora" */ = {
			isa = XCConfigurationList;
			buildConfigurations = (
				C3D4CD8F2BDC456E0028ECB0 /* Debug */,
				C3D4CD902BDC456E0028ECB0 /* Release */,
			);
			defaultConfigurationIsVisible = 0;
			defaultConfigurationName = Release;
		};
		C3D4CD912BDC456E0028ECB0 /* Build configuration list for PBXNativeTarget "soraTests" */ = {
			isa = XCConfigurationList;
			buildConfigurations = (
				C3D4CD922BDC456E0028ECB0 /* Debug */,
				C3D4CD932BDC456E0028ECB0 /* Release */,
			);
			defaultConfigurationIsVisible = 0;
			defaultConfigurationName = Release;
		};
		C3D4CD942BDC456E0028ECB0 /* Build configuration list for PBXNativeTarget "soraUITests" */ = {
			isa = XCConfigurationList;
			buildConfigurations = (
				C3D4CD952BDC456E0028ECB0 /* Debug */,
				C3D4CD962BDC456E0028ECB0 /* Release */,
			);
			defaultConfigurationIsVisible = 0;
			defaultConfigurationName = Release;
		};
/* End XCConfigurationList section */
	};
	rootObject = C3D4CD612BDC456A0028ECB0 /* Project object */;
}
